<?xml version="1.0" encoding="utf-8"?>
<Project ToolsVersion="4.0" xmlns="http://schemas.microsoft.com/developer/msbuild/2003">
  <ItemGroup>
    <Filter Include="源文件">
      <UniqueIdentifier>{4FC737F1-C7A5-4376-A066-2A32D752A2FF}</UniqueIdentifier>
      <Extensions>cpp;c;cc;cxx;def;odl;idl;hpj;bat;asm;asmx</Extensions>
    </Filter>
    <Filter Include="头文件">
      <UniqueIdentifier>{93995380-89BD-4b04-88EB-625FBE52EBFB}</UniqueIdentifier>
      <Extensions>h;hh;hpp;hxx;hm;inl;inc;ipp;xsd</Extensions>
    </Filter>
    <Filter Include="资源文件">
      <UniqueIdentifier>{67DA6AB6-F800-4c08-8B7A-83BB121AAD01}</UniqueIdentifier>
      <Extensions>rc;ico;cur;bmp;dlg;rc2;rct;bin;rgs;gif;jpg;jpeg;jpe;resx;tiff;tif;png;wav;mfcribbon-ms</Extensions>
    </Filter>
    <Filter Include="头文件\Matrix">
      <UniqueIdentifier>{1a787472-fe37-4e6a-8ed4-ee93c9f6d74b}</UniqueIdentifier>
    </Filter>
    <Filter Include="头文件\Vector">
      <UniqueIdentifier>{f82dfa91-8f1a-4828-8629-5df9bd57f459}</UniqueIdentifier>
    </Filter>
    <Filter Include="头文件\Macros">
      <UniqueIdentifier>{445fe913-0050-4045-9243-e27ef754fb26}</UniqueIdentifier>
    </Filter>
  </ItemGroup>
  <ItemGroup>
    <ClInclude Include="stdafx.h">
      <Filter>头文件</Filter>
    </ClInclude>
    <ClInclude Include="targetver.h">
      <Filter>头文件</Filter>
    </ClInclude>
    <ClInclude Include="..\BzTuts\Bounds.h">
      <Filter>头文件</Filter>
    </ClInclude>
    <ClInclude Include="Geometry.h">
      <Filter>头文件</Filter>
    </ClInclude>
    <ClInclude Include="Plane.h">
      <Filter>头文件</Filter>
    </ClInclude>
    <ClInclude Include="MathHelper.h">
      <Filter>头文件</Filter>
    </ClInclude>
    <ClInclude Include="Rotator.h">
      <Filter>头文件</Filter>
    </ClInclude>
    <ClInclude Include="MathBase.h">
      <Filter>头文件</Filter>
    </ClInclude>
    <ClInclude Include="Matrix.h">
      <Filter>头文件\Matrix</Filter>
    </ClInclude>
    <ClInclude Include="RotationMatrix.h">
      <Filter>头文件\Matrix</Filter>
    </ClInclude>
    <ClInclude Include="Quat.h">
      <Filter>头文件</Filter>
    </ClInclude>
    <ClInclude Include="Sphere.h">
      <Filter>头文件</Filter>
    </ClInclude>
    <ClInclude Include="Transform.h">
      <Filter>头文件</Filter>
    </ClInclude>
    <ClInclude Include="OOCDVectorConstanst.h">
      <Filter>头文件\Vector</Filter>
    </ClInclude>
    <ClInclude Include="Vector2.h">
      <Filter>头文件\Vector</Filter>
    </ClInclude>
    <ClInclude Include="Vector3.h">
      <Filter>头文件\Vector</Filter>
    </ClInclude>
    <ClInclude Include="VectorRegister.h">
      <Filter>头文件\Vector</Filter>
    </ClInclude>
    <ClInclude Include="Vector4.h">
      <Filter>头文件\Vector</Filter>
    </ClInclude>
    <ClInclude Include="VectorRegisterCommon.h">
      <Filter>头文件\Vector</Filter>
    </ClInclude>
    <ClInclude Include="AssertionMacros.h">
      <Filter>头文件\Macros</Filter>
    </ClInclude>
    <ClInclude Include="IOMacros.h">
      <Filter>头文件\Macros</Filter>
    </ClInclude>
    <ClInclude Include="Type.h">
      <Filter>头文件\Macros</Filter>
    </ClInclude>
    <ClInclude Include="Platform.h">
      <Filter>头文件\Macros</Filter>
    </ClInclude>
    <ClInclude Include="ScalarRegister.h">
      <Filter>头文件\Vector</Filter>
    </ClInclude>
    <ClInclude Include="Vector.h">
      <Filter>头文件\Vector</Filter>
    </ClInclude>
    <ClInclude Include="DirectxMath.h">
      <Filter>头文件\Vector</Filter>
    </ClInclude>
    <ClInclude Include="GCMath.h">
      <Filter>头文件</Filter>
    </ClInclude>
  </ItemGroup>
  <ItemGroup>
    <ClCompile Include="stdafx.cpp">
      <Filter>源文件</Filter>
    </ClCompile>
    <ClCompile Include="Matrix.cpp">
      <Filter>源文件</Filter>
    </ClCompile>
    <ClCompile Include="Plane.cpp">
      <Filter>源文件</Filter>
    </ClCompile>
    <ClCompile Include="Vector2.cpp">
      <Filter>源文件</Filter>
    </ClCompile>
    <ClCompile Include="Vector3.cpp">
      <Filter>源文件</Filter>
    </ClCompile>
    <ClCompile Include="Vector4.cpp">
      <Filter>源文件</Filter>
    </ClCompile>
    <ClCompile Include="MathHelper.cpp">
      <Filter>源文件</Filter>
    </ClCompile>
    <ClCompile Include="Rotator.cpp">
      <Filter>源文件</Filter>
    </ClCompile>
    <ClCompile Include="MathBase.cpp">
      <Filter>源文件</Filter>
    </ClCompile>
    <ClCompile Include="RotationMatrix.cpp">
      <Filter>源文件</Filter>
    </ClCompile>
    <ClCompile Include="Quat.cpp">
      <Filter>源文件</Filter>
    </ClCompile>
    <ClCompile Include="Transform.cpp">
      <Filter>源文件</Filter>
    </ClCompile>
  </ItemGroup>
</Project>