<?xml version="1.0" encoding="utf-8"?>
<Project ToolsVersion="4.0" xmlns="http://schemas.microsoft.com/developer/msbuild/2003">
  <ItemGroup>
    <Filter Include="Source Files">
      <UniqueIdentifier>{4FC737F1-C7A5-4376-A066-2A32D752A2FF}</UniqueIdentifier>
      <Extensions>cpp;c;cc;cxx;def;odl;idl;hpj;bat;asm;asmx</Extensions>
    </Filter>
    <Filter Include="Header Files">
      <UniqueIdentifier>{93995380-89BD-4b04-88EB-625FBE52EBFB}</UniqueIdentifier>
      <Extensions>h;hh;hpp;hxx;hm;inl;inc;xsd</Extensions>
    </Filter>
    <Filter Include="Resource Files">
      <UniqueIdentifier>{D9D6E242-F8AF-46E4-B9FD-80ECBC20BA3E}</UniqueIdentifier>
      <Extensions>qrc;*</Extensions>
      <ParseFiles>false</ParseFiles>
    </Filter>
    <Filter Include="Form Files">
      <UniqueIdentifier>{99349809-55BA-4b9d-BF79-8FDBB0286EB3}</UniqueIdentifier>
      <Extensions>ui</Extensions>
    </Filter>
    <Filter Include="Resource Files">
      <UniqueIdentifier>{D9D6E242-F8AF-46E4-B9FD-80ECBC20BA3E}</UniqueIdentifier>
      <Extensions>qrc;*</Extensions>
      <ParseFiles>false</ParseFiles>
    </Filter>
    <Filter Include="Header Files\Generated Files">
      <UniqueIdentifier>{71ED8ED8-ACB9-4CE9-BBE1-E00B30144E11}</UniqueIdentifier>
      <Extensions>moc;h;cpp</Extensions>
      <SourceControlFiles>False</SourceControlFiles>
    </Filter>
    <Filter Include="Source Files\widget">
      <UniqueIdentifier>{973faeaa-7e05-413d-abdd-024567613de1}</UniqueIdentifier>
    </Filter>
    <Filter Include="Header Files\widget">
      <UniqueIdentifier>{db5b60cd-d185-4031-9592-025919f16266}</UniqueIdentifier>
    </Filter>
    <Filter Include="Header Files\common">
      <UniqueIdentifier>{7cd454a7-5dca-4174-9602-3d991ec3125d}</UniqueIdentifier>
    </Filter>
    <Filter Include="Source Files\common">
      <UniqueIdentifier>{c12cb670-8e8a-4512-908c-5e9c6cfd7962}</UniqueIdentifier>
    </Filter>
  </ItemGroup>
  <ItemGroup>
    <ClCompile Include="main.cpp">
      <Filter>Source Files</Filter>
    </ClCompile>
    <ClCompile Include="GeneratedFiles\qrc_UI.cpp">
      <Filter>Header Files\Generated Files</Filter>
    </ClCompile>
    <ClCompile Include="GeneratedFiles\Debug\moc_renderwindows.cpp">
      <Filter>Header Files\Generated Files</Filter>
    </ClCompile>
    <ClCompile Include="GeneratedFiles\Release\moc_renderwindows.cpp">
      <Filter>Header Files\Generated Files</Filter>
    </ClCompile>
    <ClCompile Include="GeneratedFiles\Debug\moc_Commend.cpp">
      <Filter>Header Files\Generated Files</Filter>
    </ClCompile>
    <ClCompile Include="GeneratedFiles\Release\moc_Commend.cpp">
      <Filter>Header Files\Generated Files</Filter>
    </ClCompile>
    <ClCompile Include="renderwindows.cpp">
      <Filter>Source Files</Filter>
    </ClCompile>
    <ClCompile Include="EApplication.cpp">
      <Filter>Source Files</Filter>
    </ClCompile>
    <ClCompile Include="EWidget.cpp">
      <Filter>Source Files\widget</Filter>
    </ClCompile>
    <ClCompile Include="EEngineMainWidget.cpp">
      <Filter>Source Files\widget</Filter>
    </ClCompile>
    <ClCompile Include="common\CommonFun.cpp">
      <Filter>Source Files\common</Filter>
    </ClCompile>
    <ClCompile Include="common\FilePathManage.cpp">
      <Filter>Source Files\common</Filter>
    </ClCompile>
    <ClCompile Include="common\GetSysInfo.cpp">
      <Filter>Source Files\common</Filter>
    </ClCompile>
    <ClCompile Include="common\GlobalSignal.cpp">
      <Filter>Source Files\common</Filter>
    </ClCompile>
    <ClCompile Include="common\HttpDownLoad.cpp">
      <Filter>Source Files\common</Filter>
    </ClCompile>
    <ClCompile Include="common\HttpDownloadInterface.cpp">
      <Filter>Source Files\common</Filter>
    </ClCompile>
    <ClCompile Include="common\HttpDownloadMgr.cpp">
      <Filter>Source Files\common</Filter>
    </ClCompile>
    <ClCompile Include="common\RegExpFun.cpp">
      <Filter>Source Files\common</Filter>
    </ClCompile>
    <ClCompile Include="common\SingletonManager.cpp">
      <Filter>Source Files\common</Filter>
    </ClCompile>
    <ClCompile Include="common\ThreadManager.cpp">
      <Filter>Source Files\common</Filter>
    </ClCompile>
    <ClCompile Include="common\Eini.cpp">
      <Filter>Source Files\common</Filter>
    </ClCompile>
    <ClCompile Include="common\ELog.cpp">
      <Filter>Source Files\common</Filter>
    </ClCompile>
    <ClCompile Include="common\EServerIni.cpp">
      <Filter>Source Files\common</Filter>
    </ClCompile>
    <ClCompile Include="ECentralWidget.cpp">
      <Filter>Source Files\widget</Filter>
    </ClCompile>
    <ClCompile Include="EMainWindow.cpp">
      <Filter>Source Files\widget</Filter>
    </ClCompile>
    <ClCompile Include="ETitleWidget.cpp">
      <Filter>Source Files\widget</Filter>
    </ClCompile>
    <ClCompile Include="EMessageBox.cpp">
      <Filter>Source Files\widget</Filter>
    </ClCompile>
    <ClCompile Include="EChartletButton.cpp">
      <Filter>Source Files\widget</Filter>
    </ClCompile>
    <ClCompile Include="EEngineCentrolWidget.cpp">
      <Filter>Source Files\widget</Filter>
    </ClCompile>
    <ClCompile Include="common\qtsingleapplication.cpp">
      <Filter>Source Files\common</Filter>
    </ClCompile>
    <ClCompile Include="common\qtlocalpeer.cpp">
      <Filter>Source Files\common</Filter>
    </ClCompile>
    <ClCompile Include="common\qtlockedfile.cpp">
      <Filter>Source Files\common</Filter>
    </ClCompile>
    <ClCompile Include="EMenuWidget.cpp">
      <Filter>Source Files\widget</Filter>
    </ClCompile>
    <ClCompile Include="Commend.cpp">
      <Filter>Source Files</Filter>
    </ClCompile>
  </ItemGroup>
  <ItemGroup>
    <CustomBuild Include="UI.qrc">
      <Filter>Resource Files</Filter>
    </CustomBuild>
    <CustomBuild Include="renderwindows.h">
      <Filter>Header Files</Filter>
    </CustomBuild>
    <CustomBuild Include="Commend.h">
      <Filter>Header Files</Filter>
    </CustomBuild>
  </ItemGroup>
  <ItemGroup>
    <QtMoc Include="EWidget.h">
      <Filter>Header Files\widget</Filter>
    </QtMoc>
    <QtMoc Include="EEngineMainWidget.h">
      <Filter>Header Files\widget</Filter>
    </QtMoc>
    <QtMoc Include="common\GlobalSignal.h">
      <Filter>Header Files\common</Filter>
    </QtMoc>
    <QtMoc Include="common\HttpDownLoad.h">
      <Filter>Header Files\common</Filter>
    </QtMoc>
    <QtMoc Include="common\HttpDownloadInterface.h">
      <Filter>Header Files\common</Filter>
    </QtMoc>
    <QtMoc Include="common\HttpDownloadMgr.h">
      <Filter>Header Files\common</Filter>
    </QtMoc>
    <QtMoc Include="common\ThreadManager.h">
      <Filter>Header Files\common</Filter>
    </QtMoc>
    <QtMoc Include="common\ELog.h">
      <Filter>Header Files\common</Filter>
    </QtMoc>
    <QtMoc Include="ECentralWidget.h">
      <Filter>Header Files\widget</Filter>
    </QtMoc>
    <QtMoc Include="EMainWindow.h">
      <Filter>Header Files\widget</Filter>
    </QtMoc>
    <QtMoc Include="ETitleWidget.h">
      <Filter>Header Files\widget</Filter>
    </QtMoc>
    <QtMoc Include="EMessageBox.h">
      <Filter>Header Files\widget</Filter>
    </QtMoc>
    <QtMoc Include="EChartletButton.h">
      <Filter>Header Files\widget</Filter>
    </QtMoc>
    <QtMoc Include="EEngineCentrolWidget.h">
      <Filter>Header Files\widget</Filter>
    </QtMoc>
    <QtMoc Include="common\qtsingleapplication.h">
      <Filter>Header Files\common</Filter>
    </QtMoc>
    <QtMoc Include="common\qtlocalpeer.h">
      <Filter>Header Files\common</Filter>
    </QtMoc>
    <QtMoc Include="EMenuWidget.h">
      <Filter>Header Files\widget</Filter>
    </QtMoc>
  </ItemGroup>
  <ItemGroup>
    <ClInclude Include="EApplication.h">
      <Filter>Header Files</Filter>
    </ClInclude>
    <ClInclude Include="common\CommonFun.h">
      <Filter>Header Files\common</Filter>
    </ClInclude>
    <ClInclude Include="common\exception_handler.h">
      <Filter>Header Files\common</Filter>
    </ClInclude>
    <ClInclude Include="common\exceptiondump.h">
      <Filter>Header Files\common</Filter>
    </ClInclude>
    <ClInclude Include="common\FilePathManage.h">
      <Filter>Header Files\common</Filter>
    </ClInclude>
    <ClInclude Include="common\GetSysInfo.h">
      <Filter>Header Files\common</Filter>
    </ClInclude>
    <ClInclude Include="common\RegExpFun.h">
      <Filter>Header Files\common</Filter>
    </ClInclude>
    <ClInclude Include="common\SingletonManager.h">
      <Filter>Header Files\common</Filter>
    </ClInclude>
    <ClInclude Include="common\EIni.h">
      <Filter>Header Files\common</Filter>
    </ClInclude>
    <ClInclude Include="common\EServerIni.h">
      <Filter>Header Files\common</Filter>
    </ClInclude>
    <ClInclude Include="EEnumData.h">
      <Filter>Header Files</Filter>
    </ClInclude>
    <ClInclude Include="common\qtlockedfile.h">
      <Filter>Source Files\common</Filter>
    </ClInclude>
  </ItemGroup>
</Project>