<?xml version="1.0" encoding="utf-8"?>
<Project ToolsVersion="4.0" xmlns="http://schemas.microsoft.com/developer/msbuild/2003">
  <ItemGroup>
    <Filter Include="Source Files">
      <UniqueIdentifier>{4FC737F1-C7A5-4376-A066-2A32D752A2FF}</UniqueIdentifier>
      <Extensions>cpp;c;cc;cxx;def;odl;idl;hpj;bat;asm;asmx</Extensions>
    </Filter>
    <Filter Include="Header Files">
      <UniqueIdentifier>{93995380-89BD-4b04-88EB-625FBE52EBFB}</UniqueIdentifier>
      <Extensions>h;hh;hpp;hxx;hm;inl;inc;xsd</Extensions>
    </Filter>
    <Filter Include="Resource Files">
      <UniqueIdentifier>{67DA6AB6-F800-4c08-8B7A-83BB121AAD01}</UniqueIdentifier>
      <Extensions>rc;ico;cur;bmp;dlg;rc2;rct;bin;rgs;gif;jpg;jpeg;jpe;resx;tiff;tif;png;wav;mfcribbon-ms</Extensions>
    </Filter>
    <Filter Include="Header Files\Math">
      <UniqueIdentifier>{44d1991f-a59e-4b09-9d60-87b98527b9fb}</UniqueIdentifier>
    </Filter>
    <Filter Include="Source Files\Math">
      <UniqueIdentifier>{8afca868-9031-436c-8d86-5b3425b844dd}</UniqueIdentifier>
    </Filter>
    <Filter Include="Header Files\Camera">
      <UniqueIdentifier>{e9c18658-7d01-4704-99c3-2d577155b89a}</UniqueIdentifier>
    </Filter>
    <Filter Include="Header Files\Mesh">
      <UniqueIdentifier>{81496b37-c09a-4a26-bdf7-6888cf527977}</UniqueIdentifier>
    </Filter>
    <Filter Include="Header Files\Engine">
      <UniqueIdentifier>{1186bd80-288b-4825-a1f2-91e548478e51}</UniqueIdentifier>
    </Filter>
    <Filter Include="Header Files\Feature">
      <UniqueIdentifier>{42191dca-ce71-4274-a10e-58003c96049f}</UniqueIdentifier>
    </Filter>
    <Filter Include="Header Files\String">
      <UniqueIdentifier>{a7c3d0ec-e084-417d-9810-d624c7c05460}</UniqueIdentifier>
    </Filter>
    <Filter Include="Header Files\Object">
      <UniqueIdentifier>{2dfa40e1-4dbc-4946-8372-bf8c83099547}</UniqueIdentifier>
    </Filter>
    <Filter Include="Header Files\Error">
      <UniqueIdentifier>{cac0ef19-b1b4-414c-a04c-7ef700304e95}</UniqueIdentifier>
    </Filter>
    <Filter Include="Header Files\Engine\Define">
      <UniqueIdentifier>{d888b52d-9ed2-42d9-a53f-0dec6f384bd2}</UniqueIdentifier>
    </Filter>
    <Filter Include="Header Files\Geometry">
      <UniqueIdentifier>{d161a420-fd58-4411-be1a-2c46ba3c1e43}</UniqueIdentifier>
    </Filter>
    <Filter Include="Header Files\Windows">
      <UniqueIdentifier>{74b0937d-fac2-4fc7-b640-1d1af6c4c04f}</UniqueIdentifier>
    </Filter>
    <Filter Include="Source Files\Engine">
      <UniqueIdentifier>{79ae6917-e3f6-4087-b169-a72a8afe2e05}</UniqueIdentifier>
    </Filter>
    <Filter Include="Source Files\Camera">
      <UniqueIdentifier>{fdc0d222-5468-472f-aa2c-da9dab69043f}</UniqueIdentifier>
    </Filter>
    <Filter Include="Source Files\Object">
      <UniqueIdentifier>{6a61893c-1c1b-44a2-b14c-c2d92e8fbd6d}</UniqueIdentifier>
    </Filter>
    <Filter Include="Source Files\Error">
      <UniqueIdentifier>{778d77b7-37c7-4085-8ec9-c6d4eadc2c90}</UniqueIdentifier>
    </Filter>
    <Filter Include="Source Files\String">
      <UniqueIdentifier>{cfa442cf-a1f3-4f06-a9a7-0acd1055b3b4}</UniqueIdentifier>
    </Filter>
    <Filter Include="Source Files\Mesh">
      <UniqueIdentifier>{dabee283-634d-4367-b3ad-e00c9efa51b8}</UniqueIdentifier>
    </Filter>
    <Filter Include="Source Files\Feature">
      <UniqueIdentifier>{a0697066-9db7-41b6-8441-5303bfb23608}</UniqueIdentifier>
    </Filter>
    <Filter Include="Source Files\Geometry">
      <UniqueIdentifier>{397d13a8-c47a-4f96-b795-9e45449002ec}</UniqueIdentifier>
    </Filter>
    <Filter Include="Source Files\Windows">
      <UniqueIdentifier>{cb94ab4c-ab07-4096-9407-0653ff112eff}</UniqueIdentifier>
    </Filter>
  </ItemGroup>
  <ItemGroup>
    <ClCompile Include="main.cpp">
      <Filter>Source Files</Filter>
    </ClCompile>
    <ClCompile Include="OCMath.cpp">
      <Filter>Source Files\Math</Filter>
    </ClCompile>
    <ClCompile Include="RenderDefine.h">
      <Filter>Header Files\Engine</Filter>
    </ClCompile>
    <ClCompile Include="OdRegex.h">
      <Filter>Header Files\String</Filter>
    </ClCompile>
    <ClCompile Include="OString.h">
      <Filter>Header Files\String</Filter>
    </ClCompile>
    <ClCompile Include="Timer.h">
      <Filter>Header Files\Engine</Filter>
    </ClCompile>
    <ClCompile Include="Actor.cpp">
      <Filter>Source Files\Object</Filter>
    </ClCompile>
    <ClCompile Include="Camera.cpp">
      <Filter>Source Files\Camera</Filter>
    </ClCompile>
    <ClCompile Include="Engine.cpp">
      <Filter>Source Files\Engine</Filter>
    </ClCompile>
    <ClCompile Include="EngineBase.cpp">
      <Filter>Source Files\Engine</Filter>
    </ClCompile>
    <ClCompile Include="ErrorException.cpp">
      <Filter>Source Files\Error</Filter>
    </ClCompile>
    <ClCompile Include="FrameResource.cpp">
      <Filter>Source Files\Engine</Filter>
    </ClCompile>
    <ClCompile Include="OString.cpp">
      <Filter>Source Files\String</Filter>
    </ClCompile>
    <ClCompile Include="Light.cpp">
      <Filter>Source Files\Feature</Filter>
    </ClCompile>
    <ClCompile Include="OdRegex.cpp">
      <Filter>Source Files\String</Filter>
    </ClCompile>
    <ClCompile Include="TestMeshcpp.cpp">
      <Filter>Source Files\Mesh</Filter>
    </ClCompile>
    <ClCompile Include="Timer.cpp">
      <Filter>Source Files\Engine</Filter>
    </ClCompile>
    <ClCompile Include="GeometryGenerator.cpp">
      <Filter>Source Files\Geometry</Filter>
    </ClCompile>
    <ClCompile Include="TextureLoad.cpp">
      <Filter>Source Files\Windows</Filter>
    </ClCompile>
    <ClCompile Include="ShadowMap.cpp">
      <Filter>Source Files\Feature</Filter>
    </ClCompile>
  </ItemGroup>
  <ItemGroup>
    <ClInclude Include="stdafx.h">
      <Filter>Header Files</Filter>
    </ClInclude>
    <ClInclude Include="OCMath.h">
      <Filter>Header Files\Math</Filter>
    </ClInclude>
    <ClInclude Include="Camera.h">
      <Filter>Header Files\Camera</Filter>
    </ClInclude>
    <ClInclude Include="CameraType.h">
      <Filter>Header Files\Camera</Filter>
    </ClInclude>
    <ClInclude Include="CoreMinimal.h">
      <Filter>Header Files</Filter>
    </ClInclude>
    <ClInclude Include="Component.h">
      <Filter>Header Files\Mesh</Filter>
    </ClInclude>
    <ClInclude Include="TestMeshcpp.h">
      <Filter>Header Files\Mesh</Filter>
    </ClInclude>
    <ClInclude Include="Engine.h">
      <Filter>Header Files\Engine</Filter>
    </ClInclude>
    <ClInclude Include="Mesh.h">
      <Filter>Header Files\Mesh</Filter>
    </ClInclude>
    <ClInclude Include="FrameResource.h">
      <Filter>Header Files\Mesh</Filter>
    </ClInclude>
    <ClInclude Include="Actor.h">
      <Filter>Header Files\Object</Filter>
    </ClInclude>
    <ClInclude Include="EngineBase.h">
      <Filter>Header Files\Engine</Filter>
    </ClInclude>
    <ClInclude Include="EngineDefine.h">
      <Filter>Header Files\Engine\Define</Filter>
    </ClInclude>
    <ClInclude Include="EngineMacro.h">
      <Filter>Header Files\Engine\Define</Filter>
    </ClInclude>
    <ClInclude Include="d3dUtil.h">
      <Filter>Header Files\Engine\Define</Filter>
    </ClInclude>
    <ClInclude Include="d3dx12.h">
      <Filter>Header Files\Engine\Define</Filter>
    </ClInclude>
    <ClInclude Include="ErrorException.h">
      <Filter>Header Files\Error</Filter>
    </ClInclude>
    <ClInclude Include="GeometryGenerator.h">
      <Filter>Header Files\Geometry</Filter>
    </ClInclude>
    <ClInclude Include="Light.h">
      <Filter>Header Files\Feature</Filter>
    </ClInclude>
    <ClInclude Include="UploadBuffer.h">
      <Filter>Header Files\Engine</Filter>
    </ClInclude>
    <ClInclude Include="TextureLoad.h">
      <Filter>Header Files\Windows</Filter>
    </ClInclude>
    <ClInclude Include="ShadowMap.h">
      <Filter>Header Files\Feature</Filter>
    </ClInclude>
  </ItemGroup>
</Project>